
Microsoft Visual Studio Solution File, Format Version 12.00
# Visual Studio Version 17
VisualStudioVersion = 17.0.31903.59
MinimumVisualStudioVersion = 10.0.40219.1
Project("{FAE04EC0-301F-11D3-BF4B-00C04F79EFBC}") = "DotNetCoreApi", "DotNetCoreApi\DotNetCoreApi.csproj", "{DC2D516A-E3E0-4286-93FA-29430B5C794C}"
EndProject
Global
	GlobalSection(SolutionConfigurationPlatforms) = preSolution
		Debug|Any CPU = Debug|Any CPU
		Release|Any CPU = Release|Any CPU
	EndGlobalSection
	GlobalSection(ProjectConfigurationPlatforms) = postSolution
		{DC2D516A-E3E0-4286-93FA-29430B5C794C}.Debug|Any CPU.ActiveCfg = Debug|Any CPU
		{DC2D516A-E3E0-4286-93FA-29430B5C794C}.Debug|Any CPU.Build.0 = Debug|Any CPU
		{DC2D516A-E3E0-4286-93FA-29430B5C794C}.Release|Any CPU.ActiveCfg = Release|Any CPU
		{DC2D516A-E3E0-4286-93FA-29430B5C794C}.Release|Any CPU.Build.0 = Release|Any CPU
	EndGlobalSection
	GlobalSection(SolutionProperties) = preSolution
		HideSolutionNode = FALSE
	EndGlobalSection
	GlobalSection(ExtensibilityGlobals) = postSolution
		SolutionGuid = {CD3C12E7-DC57-49EC-BF0C-756D0304E46A}
	EndGlobalSection
EndGlobal
